
Microsoft Visual Studio Solution File, Format Version 12.00
# Visual Studio Version 17
VisualStudioVersion = 17.0.31903.59
MinimumVisualStudioVersion = 10.0.40219.1
Project("{FAE04EC0-301F-11D3-BF4B-00C04F79EFBC}") = "NutriFlow.Console", "NutriFlow.Console\NutriFlow.Console.csproj", "{7BF43E2F-B9BC-46C9-B6AF-1A5C84E9C183}"
EndProject
Project("{FAE04EC0-301F-11D3-BF4B-00C04F79EFBC}") = "NutriFlow.Domain", "NutriFlow.Domain\NutriFlow.Domain.csproj", "{4C0F9A04-1DE8-4D3C-A560-A17B3515B4D0}"
EndProject
Project("{FAE04EC0-301F-11D3-BF4B-00C04F79EFBC}") = "NutriFlow.Domain.Tests", "NutriFlow.Domain.Tests\NutriFlow.Domain.Tests.csproj", "{9FE61FA1-D5EA-498A-B9A7-BDCC3EEDD81F}"
EndProject
Project("{FAE04EC0-301F-11D3-BF4B-00C04F79EFBC}") = "NutriFlow.Api", "NutriFlow.Api\NutriFlow.Api.csproj", "{1B317568-C6A3-4618-B844-2AE9DDFB76A1}"
EndProject
Project("{FAE04EC0-301F-11D3-BF4B-00C04F79EFBC}") = "NutriFlow.Infrastructure", "NutriFlow.Infrastructure\NutriFlow.Infrastructure.csproj", "{6B93362F-7379-4402-8674-7F286FE097A3}"
EndProject
Project("{FAE04EC0-301F-11D3-BF4B-00C04F79EFBC}") = "NutriFlow.Infrastructure.Tests", "NutriFlow.Infrastructure.Tests\NutriFlow.Infrastructure.Tests.csproj", "{C7D1B17E-4A7E-413B-95D8-9C1B2A85EA8E}"
EndProject
Project("{FAE04EC0-301F-11D3-BF4B-00C04F79EFBC}") = "NutriFlow.Api.Tests", "NutriFlow.Api.Tests\NutriFlow.Api.Tests.csproj", "{836C1D2A-A384-4299-B3DE-C89EBF49F8E3}"
EndProject
Global
	GlobalSection(SolutionConfigurationPlatforms) = preSolution
		Debug|Any CPU = Debug|Any CPU
		Debug|x64 = Debug|x64
		Debug|x86 = Debug|x86
		Release|Any CPU = Release|Any CPU
		Release|x64 = Release|x64
		Release|x86 = Release|x86
	EndGlobalSection
	GlobalSection(ProjectConfigurationPlatforms) = postSolution
		{7BF43E2F-B9BC-46C9-B6AF-1A5C84E9C183}.Debug|Any CPU.ActiveCfg = Debug|Any CPU
		{7BF43E2F-B9BC-46C9-B6AF-1A5C84E9C183}.Debug|Any CPU.Build.0 = Debug|Any CPU
		{7BF43E2F-B9BC-46C9-B6AF-1A5C84E9C183}.Debug|x64.ActiveCfg = Debug|Any CPU
		{7BF43E2F-B9BC-46C9-B6AF-1A5C84E9C183}.Debug|x64.Build.0 = Debug|Any CPU
		{7BF43E2F-B9BC-46C9-B6AF-1A5C84E9C183}.Debug|x86.ActiveCfg = Debug|Any CPU
		{7BF43E2F-B9BC-46C9-B6AF-1A5C84E9C183}.Debug|x86.Build.0 = Debug|Any CPU
		{7BF43E2F-B9BC-46C9-B6AF-1A5C84E9C183}.Release|Any CPU.ActiveCfg = Release|Any CPU
		{7BF43E2F-B9BC-46C9-B6AF-1A5C84E9C183}.Release|Any CPU.Build.0 = Release|Any CPU
		{7BF43E2F-B9BC-46C9-B6AF-1A5C84E9C183}.Release|x64.ActiveCfg = Release|Any CPU
		{7BF43E2F-B9BC-46C9-B6AF-1A5C84E9C183}.Release|x64.Build.0 = Release|Any CPU
		{7BF43E2F-B9BC-46C9-B6AF-1A5C84E9C183}.Release|x86.ActiveCfg = Release|Any CPU
		{7BF43E2F-B9BC-46C9-B6AF-1A5C84E9C183}.Release|x86.Build.0 = Release|Any CPU
		{4C0F9A04-1DE8-4D3C-A560-A17B3515B4D0}.Debug|Any CPU.ActiveCfg = Debug|Any CPU
		{4C0F9A04-1DE8-4D3C-A560-A17B3515B4D0}.Debug|Any CPU.Build.0 = Debug|Any CPU
		{4C0F9A04-1DE8-4D3C-A560-A17B3515B4D0}.Debug|x64.ActiveCfg = Debug|Any CPU
		{4C0F9A04-1DE8-4D3C-A560-A17B3515B4D0}.Debug|x64.Build.0 = Debug|Any CPU
		{4C0F9A04-1DE8-4D3C-A560-A17B3515B4D0}.Debug|x86.ActiveCfg = Debug|Any CPU
		{4C0F9A04-1DE8-4D3C-A560-A17B3515B4D0}.Debug|x86.Build.0 = Debug|Any CPU
		{4C0F9A04-1DE8-4D3C-A560-A17B3515B4D0}.Release|Any CPU.ActiveCfg = Release|Any CPU
		{4C0F9A04-1DE8-4D3C-A560-A17B3515B4D0}.Release|Any CPU.Build.0 = Release|Any CPU
		{4C0F9A04-1DE8-4D3C-A560-A17B3515B4D0}.Release|x64.ActiveCfg = Release|Any CPU
		{4C0F9A04-1DE8-4D3C-A560-A17B3515B4D0}.Release|x64.Build.0 = Release|Any CPU
		{4C0F9A04-1DE8-4D3C-A560-A17B3515B4D0}.Release|x86.ActiveCfg = Release|Any CPU
		{4C0F9A04-1DE8-4D3C-A560-A17B3515B4D0}.Release|x86.Build.0 = Release|Any CPU
		{9FE61FA1-D5EA-498A-B9A7-BDCC3EEDD81F}.Debug|Any CPU.ActiveCfg = Debug|Any CPU
		{9FE61FA1-D5EA-498A-B9A7-BDCC3EEDD81F}.Debug|Any CPU.Build.0 = Debug|Any CPU
		{9FE61FA1-D5EA-498A-B9A7-BDCC3EEDD81F}.Debug|x64.ActiveCfg = Debug|Any CPU
		{9FE61FA1-D5EA-498A-B9A7-BDCC3EEDD81F}.Debug|x64.Build.0 = Debug|Any CPU
		{9FE61FA1-D5EA-498A-B9A7-BDCC3EEDD81F}.Debug|x86.ActiveCfg = Debug|Any CPU
		{9FE61FA1-D5EA-498A-B9A7-BDCC3EEDD81F}.Debug|x86.Build.0 = Debug|Any CPU
		{9FE61FA1-D5EA-498A-B9A7-BDCC3EEDD81F}.Release|Any CPU.ActiveCfg = Release|Any CPU
		{9FE61FA1-D5EA-498A-B9A7-BDCC3EEDD81F}.Release|Any CPU.Build.0 = Release|Any CPU
		{9FE61FA1-D5EA-498A-B9A7-BDCC3EEDD81F}.Release|x64.ActiveCfg = Release|Any CPU
		{9FE61FA1-D5EA-498A-B9A7-BDCC3EEDD81F}.Release|x64.Build.0 = Release|Any CPU
		{9FE61FA1-D5EA-498A-B9A7-BDCC3EEDD81F}.Release|x86.ActiveCfg = Release|Any CPU
		{9FE61FA1-D5EA-498A-B9A7-BDCC3EEDD81F}.Release|x86.Build.0 = Release|Any CPU
		{1B317568-C6A3-4618-B844-2AE9DDFB76A1}.Debug|Any CPU.ActiveCfg = Debug|Any CPU
		{1B317568-C6A3-4618-B844-2AE9DDFB76A1}.Debug|Any CPU.Build.0 = Debug|Any CPU
		{1B317568-C6A3-4618-B844-2AE9DDFB76A1}.Debug|x64.ActiveCfg = Debug|Any CPU
		{1B317568-C6A3-4618-B844-2AE9DDFB76A1}.Debug|x64.Build.0 = Debug|Any CPU
		{1B317568-C6A3-4618-B844-2AE9DDFB76A1}.Debug|x86.ActiveCfg = Debug|Any CPU
		{1B317568-C6A3-4618-B844-2AE9DDFB76A1}.Debug|x86.Build.0 = Debug|Any CPU
		{1B317568-C6A3-4618-B844-2AE9DDFB76A1}.Release|Any CPU.ActiveCfg = Release|Any CPU
		{1B317568-C6A3-4618-B844-2AE9DDFB76A1}.Release|Any CPU.Build.0 = Release|Any CPU
		{1B317568-C6A3-4618-B844-2AE9DDFB76A1}.Release|x64.ActiveCfg = Release|Any CPU
		{1B317568-C6A3-4618-B844-2AE9DDFB76A1}.Release|x64.Build.0 = Release|Any CPU
		{1B317568-C6A3-4618-B844-2AE9DDFB76A1}.Release|x86.ActiveCfg = Release|Any CPU
		{1B317568-C6A3-4618-B844-2AE9DDFB76A1}.Release|x86.Build.0 = Release|Any CPU
		{6B93362F-7379-4402-8674-7F286FE097A3}.Debug|Any CPU.ActiveCfg = Debug|Any CPU
		{6B93362F-7379-4402-8674-7F286FE097A3}.Debug|Any CPU.Build.0 = Debug|Any CPU
		{6B93362F-7379-4402-8674-7F286FE097A3}.Debug|x64.ActiveCfg = Debug|Any CPU
		{6B93362F-7379-4402-8674-7F286FE097A3}.Debug|x64.Build.0 = Debug|Any CPU
		{6B93362F-7379-4402-8674-7F286FE097A3}.Debug|x86.ActiveCfg = Debug|Any CPU
		{6B93362F-7379-4402-8674-7F286FE097A3}.Debug|x86.Build.0 = Debug|Any CPU
		{6B93362F-7379-4402-8674-7F286FE097A3}.Release|Any CPU.ActiveCfg = Release|Any CPU
		{6B93362F-7379-4402-8674-7F286FE097A3}.Release|Any CPU.Build.0 = Release|Any CPU
		{6B93362F-7379-4402-8674-7F286FE097A3}.Release|x64.ActiveCfg = Release|Any CPU
		{6B93362F-7379-4402-8674-7F286FE097A3}.Release|x64.Build.0 = Release|Any CPU
		{6B93362F-7379-4402-8674-7F286FE097A3}.Release|x86.ActiveCfg = Release|Any CPU
		{6B93362F-7379-4402-8674-7F286FE097A3}.Release|x86.Build.0 = Release|Any CPU
		{C7D1B17E-4A7E-413B-95D8-9C1B2A85EA8E}.Debug|Any CPU.ActiveCfg = Debug|Any CPU
		{C7D1B17E-4A7E-413B-95D8-9C1B2A85EA8E}.Debug|Any CPU.Build.0 = Debug|Any CPU
		{C7D1B17E-4A7E-413B-95D8-9C1B2A85EA8E}.Debug|x64.ActiveCfg = Debug|Any CPU
		{C7D1B17E-4A7E-413B-95D8-9C1B2A85EA8E}.Debug|x64.Build.0 = Debug|Any CPU
		{C7D1B17E-4A7E-413B-95D8-9C1B2A85EA8E}.Debug|x86.ActiveCfg = Debug|Any CPU
		{C7D1B17E-4A7E-413B-95D8-9C1B2A85EA8E}.Debug|x86.Build.0 = Debug|Any CPU
		{C7D1B17E-4A7E-413B-95D8-9C1B2A85EA8E}.Release|Any CPU.ActiveCfg = Release|Any CPU
		{C7D1B17E-4A7E-413B-95D8-9C1B2A85EA8E}.Release|Any CPU.Build.0 = Release|Any CPU
		{C7D1B17E-4A7E-413B-95D8-9C1B2A85EA8E}.Release|x64.ActiveCfg = Release|Any CPU
		{C7D1B17E-4A7E-413B-95D8-9C1B2A85EA8E}.Release|x64.Build.0 = Release|Any CPU
		{C7D1B17E-4A7E-413B-95D8-9C1B2A85EA8E}.Release|x86.ActiveCfg = Release|Any CPU
		{C7D1B17E-4A7E-413B-95D8-9C1B2A85EA8E}.Release|x86.Build.0 = Release|Any CPU
		{836C1D2A-A384-4299-B3DE-C89EBF49F8E3}.Debug|Any CPU.ActiveCfg = Debug|Any CPU
		{836C1D2A-A384-4299-B3DE-C89EBF49F8E3}.Debug|Any CPU.Build.0 = Debug|Any CPU
		{836C1D2A-A384-4299-B3DE-C89EBF49F8E3}.Debug|x64.ActiveCfg = Debug|Any CPU
		{836C1D2A-A384-4299-B3DE-C89EBF49F8E3}.Debug|x64.Build.0 = Debug|Any CPU
		{836C1D2A-A384-4299-B3DE-C89EBF49F8E3}.Debug|x86.ActiveCfg = Debug|Any CPU
		{836C1D2A-A384-4299-B3DE-C89EBF49F8E3}.Debug|x86.Build.0 = Debug|Any CPU
		{836C1D2A-A384-4299-B3DE-C89EBF49F8E3}.Release|Any CPU.ActiveCfg = Release|Any CPU
		{836C1D2A-A384-4299-B3DE-C89EBF49F8E3}.Release|Any CPU.Build.0 = Release|Any CPU
		{836C1D2A-A384-4299-B3DE-C89EBF49F8E3}.Release|x64.ActiveCfg = Release|Any CPU
		{836C1D2A-A384-4299-B3DE-C89EBF49F8E3}.Release|x64.Build.0 = Release|Any CPU
		{836C1D2A-A384-4299-B3DE-C89EBF49F8E3}.Release|x86.ActiveCfg = Release|Any CPU
		{836C1D2A-A384-4299-B3DE-C89EBF49F8E3}.Release|x86.Build.0 = Release|Any CPU
	EndGlobalSection
	GlobalSection(SolutionProperties) = preSolution
		HideSolutionNode = FALSE
	EndGlobalSection
EndGlobal
